
Microsoft Visual Studio Solution File, Format Version 12.00
# Visual Studio Version 16
VisualStudioVersion = 16.0.31911.196
MinimumVisualStudioVersion = 10.0.40219.1
Project("{FAE04EC0-301F-11D3-BF4B-00C04F79EFBC}") = "SelettoreFile", "SelettoreFile\SelettoreFile.csproj", "{E6E78CBF-5BFA-447A-91D6-263698914860}"
EndProject
Global
	GlobalSection(SolutionConfigurationPlatforms) = preSolution
		Debug|Any CPU = Debug|Any CPU
		Release|Any CPU = Release|Any CPU
	EndGlobalSection
	GlobalSection(ProjectConfigurationPlatforms) = postSolution
		{E6E78CBF-5BFA-447A-91D6-263698914860}.Debug|Any CPU.ActiveCfg = Debug|Any CPU
		{E6E78CBF-5BFA-447A-91D6-263698914860}.Debug|Any CPU.Build.0 = Debug|Any CPU
		{E6E78CBF-5BFA-447A-91D6-263698914860}.Release|Any CPU.ActiveCfg = Release|Any CPU
		{E6E78CBF-5BFA-447A-91D6-263698914860}.Release|Any CPU.Build.0 = Release|Any CPU
	EndGlobalSection
	GlobalSection(SolutionProperties) = preSolution
		HideSolutionNode = FALSE
	EndGlobalSection
	GlobalSection(ExtensibilityGlobals) = postSolution
		SolutionGuid = {A5FFAA1F-0646-49D6-96FA-2533B4BF14D6}
	EndGlobalSection
EndGlobal
